<?xml version="1.0" encoding="UTF-8"?>
<!DOCTYPE plist PUBLIC "-//Apple//DTD PLIST 1.0//EN" "http://www.apple.com/DTDs/PropertyList-1.0.dtd">
<plist version="1.0">
<dict>
	<key>archiveVersion</key>
	<string>1</string>
	<key>classes</key>
	<dict/>
	<key>objectVersion</key>
	<string>46</string>
	<key>objects</key>
	<dict>
		<key>1C817F7B172F43CCB59BD4DF</key>
		<dict>
			<key>includeInIndex</key>
			<string>1</string>
			<key>isa</key>
			<string>PBXFileReference</string>
			<key>lastKnownFileType</key>
			<string>text.xcconfig</string>
			<key>name</key>
			<string>Pods.xcconfig</string>
			<key>path</key>
			<string>Pods/Pods.xcconfig</string>
			<key>sourceTree</key>
			<string>SOURCE_ROOT</string>
		</dict>
		<key>38FD12264C2647FCB59B63CA</key>
		<dict>
			<key>explicitFileType</key>
			<string>archive.ar</string>
			<key>includeInIndex</key>
			<string>0</string>
			<key>isa</key>
			<string>PBXFileReference</string>
			<key>name</key>
			<string>libPods.a</string>
			<key>path</key>
			<string>libPods.a</string>
			<key>sourceTree</key>
			<string>BUILT_PRODUCTS_DIR</string>
		</dict>
		<key>4DCBFEA3175D03A6007C8F50</key>
		<dict>
			<key>children</key>
			<array>
				<string>4DCBFEB5175D03A6007C8F50</string>
				<string>4DCBFED3175D03A7007C8F50</string>
				<string>4DCBFEAE175D03A6007C8F50</string>
				<string>4DCBFEAD175D03A6007C8F50</string>
				<string>1C817F7B172F43CCB59BD4DF</string>
			</array>
			<key>isa</key>
			<string>PBXGroup</string>
			<key>sourceTree</key>
			<string>&lt;group&gt;</string>
		</dict>
		<key>4DCBFEA4175D03A6007C8F50</key>
		<dict>
			<key>attributes</key>
			<dict>
				<key>LastUpgradeCheck</key>
				<string>0460</string>
				<key>ORGANIZATIONNAME</key>
				<string>BoxUK</string>
			</dict>
			<key>buildConfigurationList</key>
			<string>4DCBFEA7175D03A6007C8F50</string>
			<key>compatibilityVersion</key>
			<string>Xcode 3.2</string>
			<key>developmentRegion</key>
			<string>English</string>
			<key>hasScannedForEncodings</key>
			<string>0</string>
			<key>isa</key>
			<string>PBXProject</string>
			<key>knownRegions</key>
			<array>
				<string>en</string>
			</array>
			<key>mainGroup</key>
			<string>4DCBFEA3175D03A6007C8F50</string>
			<key>productRefGroup</key>
			<string>4DCBFEAD175D03A6007C8F50</string>
			<key>projectDirPath</key>
			<string></string>
			<key>projectReferences</key>
			<array/>
			<key>projectRoot</key>
			<string></string>
			<key>targets</key>
			<array>
				<string>4DCBFEAB175D03A6007C8F50</string>
				<string>4DCBFECB175D03A7007C8F50</string>
			</array>
		</dict>
		<key>4DCBFEA7175D03A6007C8F50</key>
		<dict>
			<key>buildConfigurations</key>
			<array>
				<string>4DCBFEDC175D03A7007C8F50</string>
				<string>4DCBFEDD175D03A7007C8F50</string>
			</array>
			<key>defaultConfigurationIsVisible</key>
			<string>0</string>
			<key>defaultConfigurationName</key>
			<string>Release</string>
			<key>isa</key>
			<string>XCConfigurationList</string>
		</dict>
		<key>4DCBFEA8175D03A6007C8F50</key>
		<dict>
			<key>buildActionMask</key>
			<string>2147483647</string>
			<key>files</key>
			<array>
				<string>4DCBFEBC175D03A6007C8F50</string>
				<string>4DCBFEC0175D03A6007C8F50</string>
			</array>
			<key>isa</key>
			<string>PBXSourcesBuildPhase</string>
			<key>runOnlyForDeploymentPostprocessing</key>
			<string>0</string>
		</dict>
		<key>4DCBFEA9175D03A6007C8F50</key>
		<dict>
			<key>buildActionMask</key>
			<string>2147483647</string>
			<key>files</key>
			<array>
				<string>4DCBFEB0175D03A6007C8F50</string>
				<string>4DCBFEB2175D03A6007C8F50</string>
				<string>4DCBFEB4175D03A6007C8F50</string>
				<string>FB017E20DE194BDDAFE5CF07</string>
			</array>
			<key>isa</key>
			<string>PBXFrameworksBuildPhase</string>
			<key>runOnlyForDeploymentPostprocessing</key>
			<string>0</string>
		</dict>
		<key>4DCBFEAA175D03A6007C8F50</key>
		<dict>
			<key>buildActionMask</key>
			<string>2147483647</string>
			<key>files</key>
			<array>
				<string>4DCBFEBA175D03A6007C8F50</string>
				<string>4DCBFEC2175D03A6007C8F50</string>
				<string>4DCBFEC4175D03A6007C8F50</string>
				<string>4DCBFEC6175D03A6007C8F50</string>
			</array>
			<key>isa</key>
			<string>PBXResourcesBuildPhase</string>
			<key>runOnlyForDeploymentPostprocessing</key>
			<string>0</string>
		</dict>
		<key>4DCBFEAB175D03A6007C8F50</key>
		<dict>
			<key>buildConfigurationList</key>
			<string>4DCBFEDE175D03A7007C8F50</string>
			<key>buildPhases</key>
			<array>
				<string>A9A19A1E88BB4400B47B1532</string>
				<string>4DCBFEA8175D03A6007C8F50</string>
				<string>4DCBFEA9175D03A6007C8F50</string>
				<string>4DCBFEAA175D03A6007C8F50</string>
				<string>6027FA44AD314009844B43F5</string>
			</array>
			<key>buildRules</key>
			<array/>
			<key>dependencies</key>
			<array/>
			<key>isa</key>
			<string>PBXNativeTarget</string>
			<key>name</key>
			<string>staff</string>
			<key>productName</key>
			<string>staff</string>
			<key>productReference</key>
			<string>4DCBFEAC175D03A6007C8F50</string>
			<key>productType</key>
			<string>com.apple.product-type.application</string>
		</dict>
		<key>4DCBFEAC175D03A6007C8F50</key>
		<dict>
			<key>explicitFileType</key>
			<string>wrapper.application</string>
			<key>includeInIndex</key>
			<string>0</string>
			<key>isa</key>
			<string>PBXFileReference</string>
			<key>path</key>
			<string>staff.app</string>
			<key>sourceTree</key>
			<string>BUILT_PRODUCTS_DIR</string>
		</dict>
		<key>4DCBFEAD175D03A6007C8F50</key>
		<dict>
			<key>children</key>
			<array>
				<string>4DCBFEAC175D03A6007C8F50</string>
				<string>4DCBFECC175D03A7007C8F50</string>
			</array>
			<key>isa</key>
			<string>PBXGroup</string>
			<key>name</key>
			<string>Products</string>
			<key>sourceTree</key>
			<string>&lt;group&gt;</string>
		</dict>
		<key>4DCBFEAE175D03A6007C8F50</key>
		<dict>
			<key>children</key>
			<array>
				<string>4DCBFEAF175D03A6007C8F50</string>
				<string>4DCBFEB1175D03A6007C8F50</string>
				<string>4DCBFEB3175D03A6007C8F50</string>
				<string>4DCBFECD175D03A7007C8F50</string>
				<string>38FD12264C2647FCB59B63CA</string>
			</array>
			<key>isa</key>
			<string>PBXGroup</string>
			<key>name</key>
			<string>Frameworks</string>
			<key>sourceTree</key>
			<string>&lt;group&gt;</string>
		</dict>
		<key>4DCBFEAF175D03A6007C8F50</key>
		<dict>
			<key>isa</key>
			<string>PBXFileReference</string>
			<key>lastKnownFileType</key>
			<string>wrapper.framework</string>
			<key>name</key>
			<string>UIKit.framework</string>
			<key>path</key>
			<string>System/Library/Frameworks/UIKit.framework</string>
			<key>sourceTree</key>
			<string>SDKROOT</string>
		</dict>
		<key>4DCBFEB0175D03A6007C8F50</key>
		<dict>
			<key>fileRef</key>
			<string>4DCBFEAF175D03A6007C8F50</string>
			<key>isa</key>
			<string>PBXBuildFile</string>
		</dict>
		<key>4DCBFEB1175D03A6007C8F50</key>
		<dict>
			<key>isa</key>
			<string>PBXFileReference</string>
			<key>lastKnownFileType</key>
			<string>wrapper.framework</string>
			<key>name</key>
			<string>Foundation.framework</string>
			<key>path</key>
			<string>System/Library/Frameworks/Foundation.framework</string>
			<key>sourceTree</key>
			<string>SDKROOT</string>
		</dict>
		<key>4DCBFEB2175D03A6007C8F50</key>
		<dict>
			<key>fileRef</key>
			<string>4DCBFEB1175D03A6007C8F50</string>
			<key>isa</key>
			<string>PBXBuildFile</string>
		</dict>
		<key>4DCBFEB3175D03A6007C8F50</key>
		<dict>
			<key>isa</key>
			<string>PBXFileReference</string>
			<key>lastKnownFileType</key>
			<string>wrapper.framework</string>
			<key>name</key>
			<string>CoreGraphics.framework</string>
			<key>path</key>
			<string>System/Library/Frameworks/CoreGraphics.framework</string>
			<key>sourceTree</key>
			<string>SDKROOT</string>
		</dict>
		<key>4DCBFEB4175D03A6007C8F50</key>
		<dict>
			<key>fileRef</key>
			<string>4DCBFEB3175D03A6007C8F50</string>
			<key>isa</key>
			<string>PBXBuildFile</string>
		</dict>
		<key>4DCBFEB5175D03A6007C8F50</key>
		<dict>
			<key>children</key>
			<array>
				<string>4DCBFEBE175D03A6007C8F50</string>
				<string>4DCBFEBF175D03A6007C8F50</string>
				<string>4DCBFEB6175D03A6007C8F50</string>
			</array>
			<key>isa</key>
			<string>PBXGroup</string>
			<key>path</key>
			<string>staff</string>
			<key>sourceTree</key>
			<string>&lt;group&gt;</string>
		</dict>
		<key>4DCBFEB6175D03A6007C8F50</key>
		<dict>
			<key>children</key>
			<array>
				<string>4DCBFEB7175D03A6007C8F50</string>
				<string>4DCBFEB8175D03A6007C8F50</string>
				<string>4DCBFEBB175D03A6007C8F50</string>
				<string>4DCBFEBD175D03A6007C8F50</string>
				<string>4DCBFEC1175D03A6007C8F50</string>
				<string>4DCBFEC3175D03A6007C8F50</string>
				<string>4DCBFEC5175D03A6007C8F50</string>
			</array>
			<key>isa</key>
			<string>PBXGroup</string>
			<key>name</key>
			<string>Supporting Files</string>
			<key>sourceTree</key>
			<string>&lt;group&gt;</string>
		</dict>
		<key>4DCBFEB7175D03A6007C8F50</key>
		<dict>
			<key>isa</key>
			<string>PBXFileReference</string>
			<key>lastKnownFileType</key>
			<string>text.plist.xml</string>
			<key>path</key>
			<string>staff-Info.plist</string>
			<key>sourceTree</key>
			<string>&lt;group&gt;</string>
		</dict>
		<key>4DCBFEB8175D03A6007C8F50</key>
		<dict>
			<key>children</key>
			<array>
				<string>4DCBFEB9175D03A6007C8F50</string>
			</array>
			<key>isa</key>
			<string>PBXVariantGroup</string>
			<key>name</key>
			<string>InfoPlist.strings</string>
			<key>sourceTree</key>
			<string>&lt;group&gt;</string>
		</dict>
		<key>4DCBFEB9175D03A6007C8F50</key>
		<dict>
			<key>isa</key>
			<string>PBXFileReference</string>
			<key>lastKnownFileType</key>
			<string>text.plist.strings</string>
			<key>name</key>
			<string>en</string>
			<key>path</key>
			<string>en.lproj/InfoPlist.strings</string>
			<key>sourceTree</key>
			<string>&lt;group&gt;</string>
		</dict>
		<key>4DCBFEBA175D03A6007C8F50</key>
		<dict>
			<key>fileRef</key>
			<string>4DCBFEB8175D03A6007C8F50</string>
			<key>isa</key>
			<string>PBXBuildFile</string>
		</dict>
		<key>4DCBFEBB175D03A6007C8F50</key>
		<dict>
			<key>isa</key>
			<string>PBXFileReference</string>
			<key>lastKnownFileType</key>
			<string>sourcecode.c.objc</string>
			<key>path</key>
			<string>main.m</string>
			<key>sourceTree</key>
			<string>&lt;group&gt;</string>
		</dict>
		<key>4DCBFEBC175D03A6007C8F50</key>
		<dict>
			<key>fileRef</key>
			<string>4DCBFEBB175D03A6007C8F50</string>
			<key>isa</key>
			<string>PBXBuildFile</string>
		</dict>
		<key>4DCBFEBD175D03A6007C8F50</key>
		<dict>
			<key>isa</key>
			<string>PBXFileReference</string>
			<key>lastKnownFileType</key>
			<string>sourcecode.c.h</string>
			<key>path</key>
			<string>staff-Prefix.pch</string>
			<key>sourceTree</key>
			<string>&lt;group&gt;</string>
		</dict>
		<key>4DCBFEBE175D03A6007C8F50</key>
		<dict>
			<key>isa</key>
			<string>PBXFileReference</string>
			<key>lastKnownFileType</key>
			<string>sourcecode.c.h</string>
			<key>path</key>
			<string>AppDelegate.h</string>
			<key>sourceTree</key>
			<string>&lt;group&gt;</string>
		</dict>
		<key>4DCBFEBF175D03A6007C8F50</key>
		<dict>
			<key>isa</key>
			<string>PBXFileReference</string>
			<key>lastKnownFileType</key>
			<string>sourcecode.c.objc</string>
			<key>path</key>
			<string>AppDelegate.m</string>
			<key>sourceTree</key>
			<string>&lt;group&gt;</string>
		</dict>
		<key>4DCBFEC0175D03A6007C8F50</key>
		<dict>
			<key>fileRef</key>
			<string>4DCBFEBF175D03A6007C8F50</string>
			<key>isa</key>
			<string>PBXBuildFile</string>
		</dict>
		<key>4DCBFEC1175D03A6007C8F50</key>
		<dict>
			<key>isa</key>
			<string>PBXFileReference</string>
			<key>lastKnownFileType</key>
			<string>image.png</string>
			<key>path</key>
			<string>Default.png</string>
			<key>sourceTree</key>
			<string>&lt;group&gt;</string>
		</dict>
		<key>4DCBFEC2175D03A6007C8F50</key>
		<dict>
			<key>fileRef</key>
			<string>4DCBFEC1175D03A6007C8F50</string>
			<key>isa</key>
			<string>PBXBuildFile</string>
		</dict>
		<key>4DCBFEC3175D03A6007C8F50</key>
		<dict>
			<key>isa</key>
			<string>PBXFileReference</string>
			<key>lastKnownFileType</key>
			<string>image.png</string>
			<key>path</key>
			<string>Default@2x.png</string>
			<key>sourceTree</key>
			<string>&lt;group&gt;</string>
		</dict>
		<key>4DCBFEC4175D03A6007C8F50</key>
		<dict>
			<key>fileRef</key>
			<string>4DCBFEC3175D03A6007C8F50</string>
			<key>isa</key>
			<string>PBXBuildFile</string>
		</dict>
		<key>4DCBFEC5175D03A6007C8F50</key>
		<dict>
			<key>isa</key>
			<string>PBXFileReference</string>
			<key>lastKnownFileType</key>
			<string>image.png</string>
			<key>path</key>
			<string>Default-568h@2x.png</string>
			<key>sourceTree</key>
			<string>&lt;group&gt;</string>
		</dict>
		<key>4DCBFEC6175D03A6007C8F50</key>
		<dict>
			<key>fileRef</key>
			<string>4DCBFEC5175D03A6007C8F50</string>
			<key>isa</key>
			<string>PBXBuildFile</string>
		</dict>
		<key>4DCBFEC7175D03A7007C8F50</key>
		<dict>
			<key>buildActionMask</key>
			<string>2147483647</string>
			<key>files</key>
			<array>
				<string>4DCBFEDB175D03A7007C8F50</string>
			</array>
			<key>isa</key>
			<string>PBXSourcesBuildPhase</string>
			<key>runOnlyForDeploymentPostprocessing</key>
			<string>0</string>
		</dict>
		<key>4DCBFEC8175D03A7007C8F50</key>
		<dict>
			<key>buildActionMask</key>
			<string>2147483647</string>
			<key>files</key>
			<array>
				<string>4DCBFECE175D03A7007C8F50</string>
				<string>4DCBFECF175D03A7007C8F50</string>
				<string>4DCBFED0175D03A7007C8F50</string>
			</array>
			<key>isa</key>
			<string>PBXFrameworksBuildPhase</string>
			<key>runOnlyForDeploymentPostprocessing</key>
			<string>0</string>
		</dict>
		<key>4DCBFEC9175D03A7007C8F50</key>
		<dict>
			<key>buildActionMask</key>
			<string>2147483647</string>
			<key>files</key>
			<array>
				<string>4DCBFED8175D03A7007C8F50</string>
			</array>
			<key>isa</key>
			<string>PBXResourcesBuildPhase</string>
			<key>runOnlyForDeploymentPostprocessing</key>
			<string>0</string>
		</dict>
		<key>4DCBFECA175D03A7007C8F50</key>
		<dict>
			<key>buildActionMask</key>
			<string>2147483647</string>
			<key>files</key>
			<array/>
			<key>inputPaths</key>
			<array/>
			<key>isa</key>
			<string>PBXShellScriptBuildPhase</string>
			<key>outputPaths</key>
			<array/>
			<key>runOnlyForDeploymentPostprocessing</key>
			<string>0</string>
			<key>shellPath</key>
			<string>/bin/sh</string>
			<key>shellScript</key>
			<string># Run the unit tests in this test bundle.
"${SYSTEM_DEVELOPER_DIR}/Tools/RunUnitTests"
</string>
		</dict>
		<key>4DCBFECB175D03A7007C8F50</key>
		<dict>
			<key>buildConfigurationList</key>
			<string>4DCBFEE1175D03A7007C8F50</string>
			<key>buildPhases</key>
			<array>
				<string>4DCBFEC7175D03A7007C8F50</string>
				<string>4DCBFEC8175D03A7007C8F50</string>
				<string>4DCBFEC9175D03A7007C8F50</string>
				<string>4DCBFECA175D03A7007C8F50</string>
			</array>
			<key>buildRules</key>
			<array/>
			<key>dependencies</key>
			<array>
				<string>4DCBFED2175D03A7007C8F50</string>
			</array>
			<key>isa</key>
			<string>PBXNativeTarget</string>
			<key>name</key>
			<string>staffTests</string>
			<key>productName</key>
			<string>staffTests</string>
			<key>productReference</key>
			<string>4DCBFECC175D03A7007C8F50</string>
			<key>productType</key>
			<string>com.apple.product-type.bundle</string>
		</dict>
		<key>4DCBFECC175D03A7007C8F50</key>
		<dict>
			<key>explicitFileType</key>
			<string>wrapper.cfbundle</string>
			<key>includeInIndex</key>
			<string>0</string>
			<key>isa</key>
			<string>PBXFileReference</string>
			<key>path</key>
			<string>staffTests.octest</string>
			<key>sourceTree</key>
			<string>BUILT_PRODUCTS_DIR</string>
		</dict>
		<key>4DCBFECD175D03A7007C8F50</key>
		<dict>
			<key>isa</key>
			<string>PBXFileReference</string>
			<key>lastKnownFileType</key>
			<string>wrapper.framework</string>
			<key>name</key>
			<string>SenTestingKit.framework</string>
			<key>path</key>
			<string>Library/Frameworks/SenTestingKit.framework</string>
			<key>sourceTree</key>
			<string>DEVELOPER_DIR</string>
		</dict>
		<key>4DCBFECE175D03A7007C8F50</key>
		<dict>
			<key>fileRef</key>
			<string>4DCBFECD175D03A7007C8F50</string>
			<key>isa</key>
			<string>PBXBuildFile</string>
		</dict>
		<key>4DCBFECF175D03A7007C8F50</key>
		<dict>
			<key>fileRef</key>
			<string>4DCBFEAF175D03A6007C8F50</string>
			<key>isa</key>
			<string>PBXBuildFile</string>
		</dict>
		<key>4DCBFED0175D03A7007C8F50</key>
		<dict>
			<key>fileRef</key>
			<string>4DCBFEB1175D03A6007C8F50</string>
			<key>isa</key>
			<string>PBXBuildFile</string>
		</dict>
		<key>4DCBFED1175D03A7007C8F50</key>
		<dict>
			<key>containerPortal</key>
			<string>4DCBFEA4175D03A6007C8F50</string>
			<key>isa</key>
			<string>PBXContainerItemProxy</string>
			<key>proxyType</key>
			<string>1</string>
			<key>remoteGlobalIDString</key>
			<string>4DCBFEAB175D03A6007C8F50</string>
			<key>remoteInfo</key>
			<string>staff</string>
		</dict>
		<key>4DCBFED2175D03A7007C8F50</key>
		<dict>
			<key>isa</key>
			<string>PBXTargetDependency</string>
			<key>target</key>
			<string>4DCBFEAB175D03A6007C8F50</string>
			<key>targetProxy</key>
			<string>4DCBFED1175D03A7007C8F50</string>
		</dict>
		<key>4DCBFED3175D03A7007C8F50</key>
		<dict>
			<key>children</key>
			<array>
				<string>4DCBFED9175D03A7007C8F50</string>
				<string>4DCBFEDA175D03A7007C8F50</string>
				<string>4DCBFED4175D03A7007C8F50</string>
			</array>
			<key>isa</key>
			<string>PBXGroup</string>
			<key>path</key>
			<string>staffTests</string>
			<key>sourceTree</key>
			<string>&lt;group&gt;</string>
		</dict>
		<key>4DCBFED4175D03A7007C8F50</key>
		<dict>
			<key>children</key>
			<array>
				<string>4DCBFED5175D03A7007C8F50</string>
				<string>4DCBFED6175D03A7007C8F50</string>
			</array>
			<key>isa</key>
			<string>PBXGroup</string>
			<key>name</key>
			<string>Supporting Files</string>
			<key>sourceTree</key>
			<string>&lt;group&gt;</string>
		</dict>
		<key>4DCBFED5175D03A7007C8F50</key>
		<dict>
			<key>isa</key>
			<string>PBXFileReference</string>
			<key>lastKnownFileType</key>
			<string>text.plist.xml</string>
			<key>path</key>
			<string>staffTests-Info.plist</string>
			<key>sourceTree</key>
			<string>&lt;group&gt;</string>
		</dict>
		<key>4DCBFED6175D03A7007C8F50</key>
		<dict>
			<key>children</key>
			<array>
				<string>4DCBFED7175D03A7007C8F50</string>
			</array>
			<key>isa</key>
			<string>PBXVariantGroup</string>
			<key>name</key>
			<string>InfoPlist.strings</string>
			<key>sourceTree</key>
			<string>&lt;group&gt;</string>
		</dict>
		<key>4DCBFED7175D03A7007C8F50</key>
		<dict>
			<key>isa</key>
			<string>PBXFileReference</string>
			<key>lastKnownFileType</key>
			<string>text.plist.strings</string>
			<key>name</key>
			<string>en</string>
			<key>path</key>
			<string>en.lproj/InfoPlist.strings</string>
			<key>sourceTree</key>
			<string>&lt;group&gt;</string>
		</dict>
		<key>4DCBFED8175D03A7007C8F50</key>
		<dict>
			<key>fileRef</key>
			<string>4DCBFED6175D03A7007C8F50</string>
			<key>isa</key>
			<string>PBXBuildFile</string>
		</dict>
		<key>4DCBFED9175D03A7007C8F50</key>
		<dict>
			<key>isa</key>
			<string>PBXFileReference</string>
			<key>lastKnownFileType</key>
			<string>sourcecode.c.h</string>
			<key>path</key>
			<string>staffTests.h</string>
			<key>sourceTree</key>
			<string>&lt;group&gt;</string>
		</dict>
		<key>4DCBFEDA175D03A7007C8F50</key>
		<dict>
			<key>isa</key>
			<string>PBXFileReference</string>
			<key>lastKnownFileType</key>
			<string>sourcecode.c.objc</string>
			<key>path</key>
			<string>staffTests.m</string>
			<key>sourceTree</key>
			<string>&lt;group&gt;</string>
		</dict>
		<key>4DCBFEDB175D03A7007C8F50</key>
		<dict>
			<key>fileRef</key>
			<string>4DCBFEDA175D03A7007C8F50</string>
			<key>isa</key>
			<string>PBXBuildFile</string>
		</dict>
		<key>4DCBFEDC175D03A7007C8F50</key>
		<dict>
			<key>buildSettings</key>
			<dict>
				<key>ALWAYS_SEARCH_USER_PATHS</key>
				<string>NO</string>
				<key>CLANG_CXX_LANGUAGE_STANDARD</key>
				<string>gnu++0x</string>
				<key>CLANG_CXX_LIBRARY</key>
				<string>libc++</string>
				<key>CLANG_ENABLE_OBJC_ARC</key>
				<string>YES</string>
				<key>CLANG_WARN_CONSTANT_CONVERSION</key>
				<string>YES</string>
				<key>CLANG_WARN_EMPTY_BODY</key>
				<string>YES</string>
				<key>CLANG_WARN_ENUM_CONVERSION</key>
				<string>YES</string>
				<key>CLANG_WARN_INT_CONVERSION</key>
				<string>YES</string>
				<key>CLANG_WARN__DUPLICATE_METHOD_MATCH</key>
				<string>YES</string>
				<key>CODE_SIGN_IDENTITY[sdk=iphoneos*]</key>
				<string>iPhone Developer</string>
				<key>COPY_PHASE_STRIP</key>
				<string>NO</string>
				<key>GCC_C_LANGUAGE_STANDARD</key>
				<string>gnu99</string>
				<key>GCC_DYNAMIC_NO_PIC</key>
				<string>NO</string>
				<key>GCC_OPTIMIZATION_LEVEL</key>
				<string>0</string>
				<key>GCC_PREPROCESSOR_DEFINITIONS</key>
				<array>
					<string>DEBUG=1</string>
					<string>$(inherited)</string>
				</array>
				<key>GCC_SYMBOLS_PRIVATE_EXTERN</key>
				<string>NO</string>
				<key>GCC_WARN_ABOUT_RETURN_TYPE</key>
				<string>YES</string>
				<key>GCC_WARN_UNINITIALIZED_AUTOS</key>
				<string>YES</string>
				<key>GCC_WARN_UNUSED_VARIABLE</key>
				<string>YES</string>
				<key>IPHONEOS_DEPLOYMENT_TARGET</key>
				<string>6.1</string>
				<key>ONLY_ACTIVE_ARCH</key>
				<string>YES</string>
				<key>SDKROOT</key>
				<string>iphoneos</string>
			</dict>
			<key>isa</key>
			<string>XCBuildConfiguration</string>
			<key>name</key>
			<string>Debug</string>
		</dict>
		<key>4DCBFEDD175D03A7007C8F50</key>
		<dict>
			<key>buildSettings</key>
			<dict>
				<key>ALWAYS_SEARCH_USER_PATHS</key>
				<string>NO</string>
				<key>CLANG_CXX_LANGUAGE_STANDARD</key>
				<string>gnu++0x</string>
				<key>CLANG_CXX_LIBRARY</key>
				<string>libc++</string>
				<key>CLANG_ENABLE_OBJC_ARC</key>
				<string>YES</string>
				<key>CLANG_WARN_CONSTANT_CONVERSION</key>
				<string>YES</string>
				<key>CLANG_WARN_EMPTY_BODY</key>
				<string>YES</string>
				<key>CLANG_WARN_ENUM_CONVERSION</key>
				<string>YES</string>
				<key>CLANG_WARN_INT_CONVERSION</key>
				<string>YES</string>
				<key>CLANG_WARN__DUPLICATE_METHOD_MATCH</key>
				<string>YES</string>
				<key>CODE_SIGN_IDENTITY[sdk=iphoneos*]</key>
				<string>iPhone Developer</string>
				<key>COPY_PHASE_STRIP</key>
				<string>YES</string>
				<key>GCC_C_LANGUAGE_STANDARD</key>
				<string>gnu99</string>
				<key>GCC_WARN_ABOUT_RETURN_TYPE</key>
				<string>YES</string>
				<key>GCC_WARN_UNINITIALIZED_AUTOS</key>
				<string>YES</string>
				<key>GCC_WARN_UNUSED_VARIABLE</key>
				<string>YES</string>
				<key>IPHONEOS_DEPLOYMENT_TARGET</key>
				<string>6.1</string>
				<key>OTHER_CFLAGS</key>
				<string>-DNS_BLOCK_ASSERTIONS=1</string>
				<key>SDKROOT</key>
				<string>iphoneos</string>
				<key>VALIDATE_PRODUCT</key>
				<string>YES</string>
			</dict>
			<key>isa</key>
			<string>XCBuildConfiguration</string>
			<key>name</key>
			<string>Release</string>
		</dict>
		<key>4DCBFEDE175D03A7007C8F50</key>
		<dict>
			<key>buildConfigurations</key>
			<array>
				<string>4DCBFEDF175D03A7007C8F50</string>
				<string>4DCBFEE0175D03A7007C8F50</string>
			</array>
			<key>defaultConfigurationIsVisible</key>
			<string>0</string>
			<key>isa</key>
			<string>XCConfigurationList</string>
		</dict>
		<key>4DCBFEDF175D03A7007C8F50</key>
		<dict>
			<key>baseConfigurationReference</key>
			<string>1C817F7B172F43CCB59BD4DF</string>
			<key>buildSettings</key>
			<dict>
				<key>GCC_PRECOMPILE_PREFIX_HEADER</key>
				<string>YES</string>
				<key>GCC_PREFIX_HEADER</key>
				<string>staff/staff-Prefix.pch</string>
				<key>INFOPLIST_FILE</key>
				<string>staff/staff-Info.plist</string>
				<key>PRODUCT_NAME</key>
				<string>$(TARGET_NAME)</string>
				<key>WRAPPER_EXTENSION</key>
				<string>app</string>
			</dict>
			<key>isa</key>
			<string>XCBuildConfiguration</string>
			<key>name</key>
			<string>Debug</string>
		</dict>
		<key>4DCBFEE0175D03A7007C8F50</key>
		<dict>
			<key>baseConfigurationReference</key>
			<string>1C817F7B172F43CCB59BD4DF</string>
			<key>buildSettings</key>
			<dict>
				<key>GCC_PRECOMPILE_PREFIX_HEADER</key>
				<string>YES</string>
				<key>GCC_PREFIX_HEADER</key>
				<string>staff/staff-Prefix.pch</string>
				<key>INFOPLIST_FILE</key>
				<string>staff/staff-Info.plist</string>
				<key>PRODUCT_NAME</key>
				<string>$(TARGET_NAME)</string>
				<key>WRAPPER_EXTENSION</key>
				<string>app</string>
			</dict>
			<key>isa</key>
			<string>XCBuildConfiguration</string>
			<key>name</key>
			<string>Release</string>
		</dict>
		<key>4DCBFEE1175D03A7007C8F50</key>
		<dict>
			<key>buildConfigurations</key>
			<array>
				<string>4DCBFEE2175D03A7007C8F50</string>
				<string>4DCBFEE3175D03A7007C8F50</string>
			</array>
			<key>defaultConfigurationIsVisible</key>
			<string>0</string>
			<key>isa</key>
			<string>XCConfigurationList</string>
		</dict>
		<key>4DCBFEE2175D03A7007C8F50</key>
		<dict>
			<key>buildSettings</key>
			<dict>
				<key>BUNDLE_LOADER</key>
				<string>$(BUILT_PRODUCTS_DIR)/staff.app/staff</string>
				<key>FRAMEWORK_SEARCH_PATHS</key>
				<array>
					<string>"$(SDKROOT)/Developer/Library/Frameworks"</string>
					<string>"$(DEVELOPER_LIBRARY_DIR)/Frameworks"</string>
				</array>
				<key>GCC_PRECOMPILE_PREFIX_HEADER</key>
				<string>YES</string>
				<key>GCC_PREFIX_HEADER</key>
				<string>staff/staff-Prefix.pch</string>
				<key>INFOPLIST_FILE</key>
				<string>staffTests/staffTests-Info.plist</string>
				<key>PRODUCT_NAME</key>
				<string>$(TARGET_NAME)</string>
				<key>TEST_HOST</key>
				<string>$(BUNDLE_LOADER)</string>
				<key>WRAPPER_EXTENSION</key>
				<string>octest</string>
			</dict>
			<key>isa</key>
			<string>XCBuildConfiguration</string>
			<key>name</key>
			<string>Debug</string>
		</dict>
		<key>4DCBFEE3175D03A7007C8F50</key>
		<dict>
			<key>buildSettings</key>
			<dict>
				<key>BUNDLE_LOADER</key>
				<string>$(BUILT_PRODUCTS_DIR)/staff.app/staff</string>
				<key>FRAMEWORK_SEARCH_PATHS</key>
				<array>
					<string>"$(SDKROOT)/Developer/Library/Frameworks"</string>
					<string>"$(DEVELOPER_LIBRARY_DIR)/Frameworks"</string>
				</array>
				<key>GCC_PRECOMPILE_PREFIX_HEADER</key>
				<string>YES</string>
				<key>GCC_PREFIX_HEADER</key>
				<string>staff/staff-Prefix.pch</string>
				<key>INFOPLIST_FILE</key>
				<string>staffTests/staffTests-Info.plist</string>
				<key>PRODUCT_NAME</key>
				<string>$(TARGET_NAME)</string>
				<key>TEST_HOST</key>
				<string>$(BUNDLE_LOADER)</string>
				<key>WRAPPER_EXTENSION</key>
				<string>octest</string>
			</dict>
			<key>isa</key>
			<string>XCBuildConfiguration</string>
			<key>name</key>
			<string>Release</string>
		</dict>
		<key>6027FA44AD314009844B43F5</key>
		<dict>
			<key>buildActionMask</key>
			<string>2147483647</string>
			<key>files</key>
			<array/>
			<key>inputPaths</key>
			<array/>
			<key>isa</key>
			<string>PBXShellScriptBuildPhase</string>
			<key>name</key>
			<string>Copy Pods Resources</string>
			<key>outputPaths</key>
			<array/>
			<key>runOnlyForDeploymentPostprocessing</key>
			<string>0</string>
			<key>shellPath</key>
			<string>/bin/sh</string>
			<key>shellScript</key>
			<string>"${SRCROOT}/Pods/Pods-resources.sh"
</string>
			<key>showEnvVarsInLog</key>
			<string>1</string>
		</dict>
		<key>A9A19A1E88BB4400B47B1532</key>
		<dict>
			<key>buildActionMask</key>
			<string>2147483647</string>
			<key>files</key>
			<array/>
			<key>inputPaths</key>
			<array/>
			<key>isa</key>
			<string>PBXShellScriptBuildPhase</string>
			<key>name</key>
			<string>Check Pods Manifest.lock</string>
			<key>outputPaths</key>
			<array/>
			<key>runOnlyForDeploymentPostprocessing</key>
			<string>0</string>
			<key>shellPath</key>
			<string>/bin/sh</string>
			<key>shellScript</key>
			<string>diff "${PODS_ROOT}/../Podfile.lock" "${PODS_ROOT}/Manifest.lock" &gt; /dev/null
if [[ $? != 0 ]] ; then
    cat &lt;&lt; EOM
error: The sandbox is not in sync with the Podfile.lock. Run 'pod install' or update your CocoaPods installation.
EOM
    exit 1
fi
</string>
			<key>showEnvVarsInLog</key>
			<string>1</string>
		</dict>
		<key>FB017E20DE194BDDAFE5CF07</key>
		<dict>
			<key>fileRef</key>
			<string>38FD12264C2647FCB59B63CA</string>
			<key>isa</key>
			<string>PBXBuildFile</string>
			<key>settings</key>
			<dict/>
		</dict>
	</dict>
	<key>rootObject</key>
	<string>4DCBFEA4175D03A6007C8F50</string>
</dict>
</plist>
